
Microsoft Visual Studio Solution File, Format Version 12.00
# Visual Studio Version 17
VisualStudioVersion = 17.8.34330.188
MinimumVisualStudioVersion = 10.0.40219.1
Project("{9A19103F-16F7-4668-BE54-9A1E7A4F7556}") = "LiquidMixerGUI", "LiquidMixer\LiquidMixerGUI.csproj", "{3F951D7C-F114-4E5B-B949-BE530344F05D}"
EndProject
Global
	GlobalSection(SolutionConfigurationPlatforms) = preSolution
		Debug|Any CPU = Debug|Any CPU
		Release|Any CPU = Release|Any CPU
	EndGlobalSection
	GlobalSection(ProjectConfigurationPlatforms) = postSolution
		{3F951D7C-F114-4E5B-B949-BE530344F05D}.Debug|Any CPU.ActiveCfg = Debug|Any CPU
		{3F951D7C-F114-4E5B-B949-BE530344F05D}.Debug|Any CPU.Build.0 = Debug|Any CPU
		{3F951D7C-F114-4E5B-B949-BE530344F05D}.Release|Any CPU.ActiveCfg = Release|Any CPU
		{3F951D7C-F114-4E5B-B949-BE530344F05D}.Release|Any CPU.Build.0 = Release|Any CPU
	EndGlobalSection
	GlobalSection(SolutionProperties) = preSolution
		HideSolutionNode = FALSE
	EndGlobalSection
	GlobalSection(ExtensibilityGlobals) = postSolution
		SolutionGuid = {835A45E2-D6FB-403D-B1F0-1BCE539EB3CF}
	EndGlobalSection
EndGlobal
